// !$*UTF8*$!
{
	archiveVersion = 1;
	classes = {
	};
	objectVersion = 50;
	objects = {

/* Begin PBXBuildFile section */
		CB00699C259DC290008DD9F8 /* LetsCatchTheLionCore.framework in Frameworks */ = {isa = PBXBuildFile; fileRef = CB006992259DC290008DD9F8 /* LetsCatchTheLionCore.framework */; };
		CB0069A3259DC290008DD9F8 /* LetsCatchTheLionCore.h in Headers */ = {isa = PBXBuildFile; fileRef = CB006995259DC290008DD9F8 /* LetsCatchTheLionCore.h */; settings = {ATTRIBUTES = (Public, ); }; };
		CB0069B5259DC376008DD9F8 /* GameTests.swift in Sources */ = {isa = PBXBuildFile; fileRef = CB0069B4259DC376008DD9F8 /* GameTests.swift */; };
		CB0069B9259DC39E008DD9F8 /* Game.swift in Sources */ = {isa = PBXBuildFile; fileRef = CB0069B8259DC39E008DD9F8 /* Game.swift */; };
		CB0069BD259DC3E1008DD9F8 /* Board.swift in Sources */ = {isa = PBXBuildFile; fileRef = CB0069BC259DC3E1008DD9F8 /* Board.swift */; };
		CB0069C1259DC701008DD9F8 /* Player.swift in Sources */ = {isa = PBXBuildFile; fileRef = CB0069C0259DC701008DD9F8 /* Player.swift */; };
		CB0069C5259DC73C008DD9F8 /* Piece.swift in Sources */ = {isa = PBXBuildFile; fileRef = CB0069C4259DC73C008DD9F8 /* Piece.swift */; };
		CB0069D1259DCA2C008DD9F8 /* BoardTests.swift in Sources */ = {isa = PBXBuildFile; fileRef = CB0069D0259DCA2C008DD9F8 /* BoardTests.swift */; };
		CB0069D5259DFE81008DD9F8 /* Lion.swift in Sources */ = {isa = PBXBuildFile; fileRef = CB0069D4259DFE81008DD9F8 /* Lion.swift */; };
		CB0069D9259E0ABB008DD9F8 /* Dog.swift in Sources */ = {isa = PBXBuildFile; fileRef = CB0069D8259E0ABB008DD9F8 /* Dog.swift */; };
		CB0069DD259E0C18008DD9F8 /* PiecesArrangement.swift in Sources */ = {isa = PBXBuildFile; fileRef = CB0069DC259E0C18008DD9F8 /* PiecesArrangement.swift */; };
		CB1DB0A925A38772004C92AE /* LionTests.swift in Sources */ = {isa = PBXBuildFile; fileRef = CB1DB0A825A38772004C92AE /* LionTests.swift */; };
		CB23CB4D25A0C23B00C35A41 /* DobutsuPiecesArrangement.swift in Sources */ = {isa = PBXBuildFile; fileRef = CB23CB4C25A0C23B00C35A41 /* DobutsuPiecesArrangement.swift */; };
		CB23CB5125A0C25A00C35A41 /* ArrayBasedPiecesArrangement.swift in Sources */ = {isa = PBXBuildFile; fileRef = CB23CB5025A0C25A00C35A41 /* ArrayBasedPiecesArrangement.swift */; };
		CB23CB5525A0CCCE00C35A41 /* GoroGoroPiecesArrangement.swift in Sources */ = {isa = PBXBuildFile; fileRef = CB23CB5425A0CCCE00C35A41 /* GoroGoroPiecesArrangement.swift */; };
		CB23CB5B25A0CE4400C35A41 /* DobutsuBoardCreatorTests.swift in Sources */ = {isa = PBXBuildFile; fileRef = CB23CB5A25A0CE4400C35A41 /* DobutsuBoardCreatorTests.swift */; };
		CB23CB6125A0CEB200C35A41 /* BoardHelpers.swift in Sources */ = {isa = PBXBuildFile; fileRef = CB23CB6025A0CEB200C35A41 /* BoardHelpers.swift */; };
		CB23CB6625A0CF5500C35A41 /* GoroGoroBoardCreatorTests.swift in Sources */ = {isa = PBXBuildFile; fileRef = CB23CB6525A0CF5500C35A41 /* GoroGoroBoardCreatorTests.swift */; };
		CB2E0FF225A0D0B400AA1A9F /* Giraffe.swift in Sources */ = {isa = PBXBuildFile; fileRef = CB2E0FF125A0D0B400AA1A9F /* Giraffe.swift */; };
		CB2E0FF625A0D12200AA1A9F /* Elephant.swift in Sources */ = {isa = PBXBuildFile; fileRef = CB2E0FF525A0D12200AA1A9F /* Elephant.swift */; };
		CB2E0FFA25A0D17200AA1A9F /* Chick.swift in Sources */ = {isa = PBXBuildFile; fileRef = CB2E0FF925A0D17200AA1A9F /* Chick.swift */; };
		CB2E0FFE25A0D2C800AA1A9F /* Cat.swift in Sources */ = {isa = PBXBuildFile; fileRef = CB2E0FFD25A0D2C800AA1A9F /* Cat.swift */; };
		CB2E100825A2126400AA1A9F /* BoardCretor.swift in Sources */ = {isa = PBXBuildFile; fileRef = CB2E100725A2126400AA1A9F /* BoardCretor.swift */; };
		CBA6B93F25A3899000B33E60 /* ChickTests.swift in Sources */ = {isa = PBXBuildFile; fileRef = CBA6B93E25A3899000B33E60 /* ChickTests.swift */; };
		CBA6B94525A4BB3900B33E60 /* ElephantTests.swift in Sources */ = {isa = PBXBuildFile; fileRef = CBA6B94425A4BB3900B33E60 /* ElephantTests.swift */; };
/* End PBXBuildFile section */

/* Begin PBXContainerItemProxy section */
		CB00699D259DC290008DD9F8 /* PBXContainerItemProxy */ = {
			isa = PBXContainerItemProxy;
			containerPortal = CB006989259DC28F008DD9F8 /* Project object */;
			proxyType = 1;
			remoteGlobalIDString = CB006991259DC290008DD9F8;
			remoteInfo = LetsCatchTheLionCore;
		};
/* End PBXContainerItemProxy section */

/* Begin PBXFileReference section */
		CB006992259DC290008DD9F8 /* LetsCatchTheLionCore.framework */ = {isa = PBXFileReference; explicitFileType = wrapper.framework; includeInIndex = 0; path = LetsCatchTheLionCore.framework; sourceTree = BUILT_PRODUCTS_DIR; };
		CB006995259DC290008DD9F8 /* LetsCatchTheLionCore.h */ = {isa = PBXFileReference; lastKnownFileType = sourcecode.c.h; path = LetsCatchTheLionCore.h; sourceTree = "<group>"; };
		CB006996259DC290008DD9F8 /* Info.plist */ = {isa = PBXFileReference; lastKnownFileType = text.plist.xml; path = Info.plist; sourceTree = "<group>"; };
		CB00699B259DC290008DD9F8 /* LetsCatchTheLionCoreTests.xctest */ = {isa = PBXFileReference; explicitFileType = wrapper.cfbundle; includeInIndex = 0; path = LetsCatchTheLionCoreTests.xctest; sourceTree = BUILT_PRODUCTS_DIR; };
		CB0069A2259DC290008DD9F8 /* Info.plist */ = {isa = PBXFileReference; lastKnownFileType = text.plist.xml; path = Info.plist; sourceTree = "<group>"; };
		CB0069B4259DC376008DD9F8 /* GameTests.swift */ = {isa = PBXFileReference; lastKnownFileType = sourcecode.swift; path = GameTests.swift; sourceTree = "<group>"; };
		CB0069B8259DC39E008DD9F8 /* Game.swift */ = {isa = PBXFileReference; lastKnownFileType = sourcecode.swift; path = Game.swift; sourceTree = "<group>"; };
		CB0069BC259DC3E1008DD9F8 /* Board.swift */ = {isa = PBXFileReference; lastKnownFileType = sourcecode.swift; path = Board.swift; sourceTree = "<group>"; };
		CB0069C0259DC701008DD9F8 /* Player.swift */ = {isa = PBXFileReference; lastKnownFileType = sourcecode.swift; path = Player.swift; sourceTree = "<group>"; };
		CB0069C4259DC73C008DD9F8 /* Piece.swift */ = {isa = PBXFileReference; lastKnownFileType = sourcecode.swift; path = Piece.swift; sourceTree = "<group>"; };
		CB0069D0259DCA2C008DD9F8 /* BoardTests.swift */ = {isa = PBXFileReference; lastKnownFileType = sourcecode.swift; path = BoardTests.swift; sourceTree = "<group>"; };
		CB0069D4259DFE81008DD9F8 /* Lion.swift */ = {isa = PBXFileReference; lastKnownFileType = sourcecode.swift; path = Lion.swift; sourceTree = "<group>"; };
		CB0069D8259E0ABB008DD9F8 /* Dog.swift */ = {isa = PBXFileReference; lastKnownFileType = sourcecode.swift; path = Dog.swift; sourceTree = "<group>"; };
		CB0069DC259E0C18008DD9F8 /* PiecesArrangement.swift */ = {isa = PBXFileReference; lastKnownFileType = sourcecode.swift; path = PiecesArrangement.swift; sourceTree = "<group>"; };
		CB1DB0A825A38772004C92AE /* LionTests.swift */ = {isa = PBXFileReference; lastKnownFileType = sourcecode.swift; path = LionTests.swift; sourceTree = "<group>"; };
		CB23CB4C25A0C23B00C35A41 /* DobutsuPiecesArrangement.swift */ = {isa = PBXFileReference; lastKnownFileType = sourcecode.swift; path = DobutsuPiecesArrangement.swift; sourceTree = "<group>"; };
		CB23CB5025A0C25A00C35A41 /* ArrayBasedPiecesArrangement.swift */ = {isa = PBXFileReference; lastKnownFileType = sourcecode.swift; path = ArrayBasedPiecesArrangement.swift; sourceTree = "<group>"; };
		CB23CB5425A0CCCE00C35A41 /* GoroGoroPiecesArrangement.swift */ = {isa = PBXFileReference; lastKnownFileType = sourcecode.swift; path = GoroGoroPiecesArrangement.swift; sourceTree = "<group>"; };
		CB23CB5A25A0CE4400C35A41 /* DobutsuBoardCreatorTests.swift */ = {isa = PBXFileReference; lastKnownFileType = sourcecode.swift; path = DobutsuBoardCreatorTests.swift; sourceTree = "<group>"; };
		CB23CB6025A0CEB200C35A41 /* BoardHelpers.swift */ = {isa = PBXFileReference; lastKnownFileType = sourcecode.swift; path = BoardHelpers.swift; sourceTree = "<group>"; };
		CB23CB6525A0CF5500C35A41 /* GoroGoroBoardCreatorTests.swift */ = {isa = PBXFileReference; lastKnownFileType = sourcecode.swift; path = GoroGoroBoardCreatorTests.swift; sourceTree = "<group>"; };
		CB2E0FF125A0D0B400AA1A9F /* Giraffe.swift */ = {isa = PBXFileReference; lastKnownFileType = sourcecode.swift; path = Giraffe.swift; sourceTree = "<group>"; };
		CB2E0FF525A0D12200AA1A9F /* Elephant.swift */ = {isa = PBXFileReference; lastKnownFileType = sourcecode.swift; path = Elephant.swift; sourceTree = "<group>"; };
		CB2E0FF925A0D17200AA1A9F /* Chick.swift */ = {isa = PBXFileReference; lastKnownFileType = sourcecode.swift; path = Chick.swift; sourceTree = "<group>"; };
		CB2E0FFD25A0D2C800AA1A9F /* Cat.swift */ = {isa = PBXFileReference; lastKnownFileType = sourcecode.swift; path = Cat.swift; sourceTree = "<group>"; };
		CB2E100725A2126400AA1A9F /* BoardCretor.swift */ = {isa = PBXFileReference; lastKnownFileType = sourcecode.swift; path = BoardCretor.swift; sourceTree = "<group>"; };
		CBA6B93E25A3899000B33E60 /* ChickTests.swift */ = {isa = PBXFileReference; lastKnownFileType = sourcecode.swift; path = ChickTests.swift; sourceTree = "<group>"; };
		CBA6B94425A4BB3900B33E60 /* ElephantTests.swift */ = {isa = PBXFileReference; lastKnownFileType = sourcecode.swift; path = ElephantTests.swift; sourceTree = "<group>"; };
/* End PBXFileReference section */

/* Begin PBXFrameworksBuildPhase section */
		CB00698F259DC290008DD9F8 /* Frameworks */ = {
			isa = PBXFrameworksBuildPhase;
			buildActionMask = 2147483647;
			files = (
			);
			runOnlyForDeploymentPostprocessing = 0;
		};
		CB006998259DC290008DD9F8 /* Frameworks */ = {
			isa = PBXFrameworksBuildPhase;
			buildActionMask = 2147483647;
			files = (
				CB00699C259DC290008DD9F8 /* LetsCatchTheLionCore.framework in Frameworks */,
			);
			runOnlyForDeploymentPostprocessing = 0;
		};
/* End PBXFrameworksBuildPhase section */

/* Begin PBXGroup section */
		CB006988259DC28F008DD9F8 = {
			isa = PBXGroup;
			children = (
				CB006994259DC290008DD9F8 /* LetsCatchTheLionCore */,
				CB00699F259DC290008DD9F8 /* LetsCatchTheLionCoreTests */,
				CB006993259DC290008DD9F8 /* Products */,
			);
			sourceTree = "<group>";
		};
		CB006993259DC290008DD9F8 /* Products */ = {
			isa = PBXGroup;
			children = (
				CB006992259DC290008DD9F8 /* LetsCatchTheLionCore.framework */,
				CB00699B259DC290008DD9F8 /* LetsCatchTheLionCoreTests.xctest */,
			);
			name = Products;
			sourceTree = "<group>";
		};
		CB006994259DC290008DD9F8 /* LetsCatchTheLionCore */ = {
			isa = PBXGroup;
			children = (
				CB1DB08E25A38339004C92AE /* Game */,
				CB1DB08D25A38334004C92AE /* Board */,
				CB1DB08F25A38354004C92AE /* Pieces */,
				CB1DB0A425A385C2004C92AE /* Player */,
				CB006996259DC290008DD9F8 /* Info.plist */,
				CB006995259DC290008DD9F8 /* LetsCatchTheLionCore.h */,
			);
			path = LetsCatchTheLionCore;
			sourceTree = "<group>";
		};
		CB00699F259DC290008DD9F8 /* LetsCatchTheLionCoreTests */ = {
			isa = PBXGroup;
			children = (
				CBA6B93D25A3898100B33E60 /* Pieces */,
				CB1DB0A525A385CE004C92AE /* Game */,
				CB23CB5825A0CE1300C35A41 /* Board */,
				CB0069A2259DC290008DD9F8 /* Info.plist */,
			);
			path = LetsCatchTheLionCoreTests;
			sourceTree = "<group>";
		};
		CB1DB08D25A38334004C92AE /* Board */ = {
			isa = PBXGroup;
			children = (
				CB0069BC259DC3E1008DD9F8 /* Board.swift */,
				CB1DB09025A38375004C92AE /* PiecesArrangement */,
				CB1DB0A325A385B0004C92AE /* Creator */,
			);
			path = Board;
			sourceTree = "<group>";
		};
		CB1DB08E25A38339004C92AE /* Game */ = {
			isa = PBXGroup;
			children = (
				CB0069B8259DC39E008DD9F8 /* Game.swift */,
			);
			path = Game;
			sourceTree = "<group>";
		};
		CB1DB08F25A38354004C92AE /* Pieces */ = {
			isa = PBXGroup;
			children = (
				CB0069C4259DC73C008DD9F8 /* Piece.swift */,
				CB0069D4259DFE81008DD9F8 /* Lion.swift */,
				CB0069D8259E0ABB008DD9F8 /* Dog.swift */,
				CB2E0FF125A0D0B400AA1A9F /* Giraffe.swift */,
				CB2E0FF525A0D12200AA1A9F /* Elephant.swift */,
				CB2E0FF925A0D17200AA1A9F /* Chick.swift */,
				CB2E0FFD25A0D2C800AA1A9F /* Cat.swift */,
			);
			path = Pieces;
			sourceTree = "<group>";
		};
		CB1DB09025A38375004C92AE /* PiecesArrangement */ = {
			isa = PBXGroup;
			children = (
				CB0069DC259E0C18008DD9F8 /* PiecesArrangement.swift */,
				CB23CB5025A0C25A00C35A41 /* ArrayBasedPiecesArrangement.swift */,
				CB23CB4C25A0C23B00C35A41 /* DobutsuPiecesArrangement.swift */,
				CB23CB5425A0CCCE00C35A41 /* GoroGoroPiecesArrangement.swift */,
			);
			path = PiecesArrangement;
			sourceTree = "<group>";
		};
		CB1DB0A325A385B0004C92AE /* Creator */ = {
			isa = PBXGroup;
			children = (
				CB2E100725A2126400AA1A9F /* BoardCretor.swift */,
			);
			path = Creator;
			sourceTree = "<group>";
		};
		CB1DB0A425A385C2004C92AE /* Player */ = {
			isa = PBXGroup;
			children = (
				CB0069C0259DC701008DD9F8 /* Player.swift */,
			);
			path = Player;
			sourceTree = "<group>";
		};
		CB1DB0A525A385CE004C92AE /* Game */ = {
			isa = PBXGroup;
			children = (
				CB0069B4259DC376008DD9F8 /* GameTests.swift */,
			);
			path = Game;
			sourceTree = "<group>";
		};
		CB23CB5825A0CE1300C35A41 /* Board */ = {
			isa = PBXGroup;
			children = (
				CB0069D0259DCA2C008DD9F8 /* BoardTests.swift */,
				CB23CB5A25A0CE4400C35A41 /* DobutsuBoardCreatorTests.swift */,
				CB23CB6525A0CF5500C35A41 /* GoroGoroBoardCreatorTests.swift */,
				CB23CB6025A0CEB200C35A41 /* BoardHelpers.swift */,
			);
			path = Board;
			sourceTree = "<group>";
		};
		CBA6B93D25A3898100B33E60 /* Pieces */ = {
			isa = PBXGroup;
			children = (
				CB1DB0A825A38772004C92AE /* LionTests.swift */,
				CBA6B93E25A3899000B33E60 /* ChickTests.swift */,
				CBA6B94425A4BB3900B33E60 /* ElephantTests.swift */,
			);
			path = Pieces;
			sourceTree = "<group>";
		};
/* End PBXGroup section */

/* Begin PBXHeadersBuildPhase section */
		CB00698D259DC290008DD9F8 /* Headers */ = {
			isa = PBXHeadersBuildPhase;
			buildActionMask = 2147483647;
			files = (
				CB0069A3259DC290008DD9F8 /* LetsCatchTheLionCore.h in Headers */,
			);
			runOnlyForDeploymentPostprocessing = 0;
		};
/* End PBXHeadersBuildPhase section */

/* Begin PBXNativeTarget section */
		CB006991259DC290008DD9F8 /* LetsCatchTheLionCore */ = {
			isa = PBXNativeTarget;
			buildConfigurationList = CB0069A6259DC290008DD9F8 /* Build configuration list for PBXNativeTarget "LetsCatchTheLionCore" */;
			buildPhases = (
				CB00698D259DC290008DD9F8 /* Headers */,
				CB00698E259DC290008DD9F8 /* Sources */,
				CB00698F259DC290008DD9F8 /* Frameworks */,
				CB006990259DC290008DD9F8 /* Resources */,
			);
			buildRules = (
			);
			dependencies = (
			);
			name = LetsCatchTheLionCore;
			productName = LetsCatchTheLionCore;
			productReference = CB006992259DC290008DD9F8 /* LetsCatchTheLionCore.framework */;
			productType = "com.apple.product-type.framework";
		};
		CB00699A259DC290008DD9F8 /* LetsCatchTheLionCoreTests */ = {
			isa = PBXNativeTarget;
			buildConfigurationList = CB0069A9259DC290008DD9F8 /* Build configuration list for PBXNativeTarget "LetsCatchTheLionCoreTests" */;
			buildPhases = (
				CB006997259DC290008DD9F8 /* Sources */,
				CB006998259DC290008DD9F8 /* Frameworks */,
				CB006999259DC290008DD9F8 /* Resources */,
			);
			buildRules = (
			);
			dependencies = (
				CB00699E259DC290008DD9F8 /* PBXTargetDependency */,
			);
			name = LetsCatchTheLionCoreTests;
			productName = LetsCatchTheLionCoreTests;
			productReference = CB00699B259DC290008DD9F8 /* LetsCatchTheLionCoreTests.xctest */;
			productType = "com.apple.product-type.bundle.unit-test";
		};
/* End PBXNativeTarget section */

/* Begin PBXProject section */
		CB006989259DC28F008DD9F8 /* Project object */ = {
			isa = PBXProject;
			attributes = {
				LastSwiftUpdateCheck = 1230;
				LastUpgradeCheck = 1230;
				TargetAttributes = {
					CB006991259DC290008DD9F8 = {
						CreatedOnToolsVersion = 12.3;
						LastSwiftMigration = 1230;
					};
					CB00699A259DC290008DD9F8 = {
						CreatedOnToolsVersion = 12.3;
					};
				};
			};
			buildConfigurationList = CB00698C259DC28F008DD9F8 /* Build configuration list for PBXProject "LetsCatchTheLionCore" */;
			compatibilityVersion = "Xcode 9.3";
			developmentRegion = en;
			hasScannedForEncodings = 0;
			knownRegions = (
				en,
				Base,
			);
			mainGroup = CB006988259DC28F008DD9F8;
			productRefGroup = CB006993259DC290008DD9F8 /* Products */;
			projectDirPath = "";
			projectRoot = "";
			targets = (
				CB006991259DC290008DD9F8 /* LetsCatchTheLionCore */,
				CB00699A259DC290008DD9F8 /* LetsCatchTheLionCoreTests */,
			);
		};
/* End PBXProject section */

/* Begin PBXResourcesBuildPhase section */
		CB006990259DC290008DD9F8 /* Resources */ = {
			isa = PBXResourcesBuildPhase;
			buildActionMask = 2147483647;
			files = (
			);
			runOnlyForDeploymentPostprocessing = 0;
		};
		CB006999259DC290008DD9F8 /* Resources */ = {
			isa = PBXResourcesBuildPhase;
			buildActionMask = 2147483647;
			files = (
			);
			runOnlyForDeploymentPostprocessing = 0;
		};
/* End PBXResourcesBuildPhase section */

/* Begin PBXSourcesBuildPhase section */
		CB00698E259DC290008DD9F8 /* Sources */ = {
			isa = PBXSourcesBuildPhase;
			buildActionMask = 2147483647;
			files = (
				CB2E0FFA25A0D17200AA1A9F /* Chick.swift in Sources */,
				CB0069DD259E0C18008DD9F8 /* PiecesArrangement.swift in Sources */,
				CB0069C5259DC73C008DD9F8 /* Piece.swift in Sources */,
				CB2E0FF625A0D12200AA1A9F /* Elephant.swift in Sources */,
				CB23CB5125A0C25A00C35A41 /* ArrayBasedPiecesArrangement.swift in Sources */,
				CB0069BD259DC3E1008DD9F8 /* Board.swift in Sources */,
				CB2E100825A2126400AA1A9F /* BoardCretor.swift in Sources */,
				CB23CB5525A0CCCE00C35A41 /* GoroGoroPiecesArrangement.swift in Sources */,
				CB0069D9259E0ABB008DD9F8 /* Dog.swift in Sources */,
				CB2E0FFE25A0D2C800AA1A9F /* Cat.swift in Sources */,
				CB0069C1259DC701008DD9F8 /* Player.swift in Sources */,
				CB0069B9259DC39E008DD9F8 /* Game.swift in Sources */,
				CB2E0FF225A0D0B400AA1A9F /* Giraffe.swift in Sources */,
				CB0069D5259DFE81008DD9F8 /* Lion.swift in Sources */,
				CB23CB4D25A0C23B00C35A41 /* DobutsuPiecesArrangement.swift in Sources */,
			);
			runOnlyForDeploymentPostprocessing = 0;
		};
		CB006997259DC290008DD9F8 /* Sources */ = {
			isa = PBXSourcesBuildPhase;
			buildActionMask = 2147483647;
			files = (
				CB23CB6125A0CEB200C35A41 /* BoardHelpers.swift in Sources */,
				CBA6B93F25A3899000B33E60 /* ChickTests.swift in Sources */,
				CBA6B94525A4BB3900B33E60 /* ElephantTests.swift in Sources */,
				CB1DB0A925A38772004C92AE /* LionTests.swift in Sources */,
				CB0069D1259DCA2C008DD9F8 /* BoardTests.swift in Sources */,
				CB23CB5B25A0CE4400C35A41 /* DobutsuBoardCreatorTests.swift in Sources */,
				CB0069B5259DC376008DD9F8 /* GameTests.swift in Sources */,
				CB23CB6625A0CF5500C35A41 /* GoroGoroBoardCreatorTests.swift in Sources */,
			);
			runOnlyForDeploymentPostprocessing = 0;
		};
/* End PBXSourcesBuildPhase section */

/* Begin PBXTargetDependency section */
		CB00699E259DC290008DD9F8 /* PBXTargetDependency */ = {
			isa = PBXTargetDependency;
			target = CB006991259DC290008DD9F8 /* LetsCatchTheLionCore */;
			targetProxy = CB00699D259DC290008DD9F8 /* PBXContainerItemProxy */;
		};
/* End PBXTargetDependency section */

/* Begin XCBuildConfiguration section */
		CB0069A4259DC290008DD9F8 /* Debug */ = {
			isa = XCBuildConfiguration;
			buildSettings = {
				ALWAYS_SEARCH_USER_PATHS = NO;
				CLANG_ANALYZER_NONNULL = YES;
				CLANG_ANALYZER_NUMBER_OBJECT_CONVERSION = YES_AGGRESSIVE;
				CLANG_CXX_LANGUAGE_STANDARD = "gnu++14";
				CLANG_CXX_LIBRARY = "libc++";
				CLANG_ENABLE_MODULES = YES;
				CLANG_ENABLE_OBJC_ARC = YES;
				CLANG_ENABLE_OBJC_WEAK = YES;
				CLANG_WARN_BLOCK_CAPTURE_AUTORELEASING = YES;
				CLANG_WARN_BOOL_CONVERSION = YES;
				CLANG_WARN_COMMA = YES;
				CLANG_WARN_CONSTANT_CONVERSION = YES;
				CLANG_WARN_DEPRECATED_OBJC_IMPLEMENTATIONS = YES;
				CLANG_WARN_DIRECT_OBJC_ISA_USAGE = YES_ERROR;
				CLANG_WARN_DOCUMENTATION_COMMENTS = YES;
				CLANG_WARN_EMPTY_BODY = YES;
				CLANG_WARN_ENUM_CONVERSION = YES;
				CLANG_WARN_INFINITE_RECURSION = YES;
				CLANG_WARN_INT_CONVERSION = YES;
				CLANG_WARN_NON_LITERAL_NULL_CONVERSION = YES;
				CLANG_WARN_OBJC_IMPLICIT_RETAIN_SELF = YES;
				CLANG_WARN_OBJC_LITERAL_CONVERSION = YES;
				CLANG_WARN_OBJC_ROOT_CLASS = YES_ERROR;
				CLANG_WARN_QUOTED_INCLUDE_IN_FRAMEWORK_HEADER = YES;
				CLANG_WARN_RANGE_LOOP_ANALYSIS = YES;
				CLANG_WARN_STRICT_PROTOTYPES = YES;
				CLANG_WARN_SUSPICIOUS_MOVE = YES;
				CLANG_WARN_UNGUARDED_AVAILABILITY = YES_AGGRESSIVE;
				CLANG_WARN_UNREACHABLE_CODE = YES;
				CLANG_WARN__DUPLICATE_METHOD_MATCH = YES;
				COPY_PHASE_STRIP = NO;
				CURRENT_PROJECT_VERSION = 1;
				DEBUG_INFORMATION_FORMAT = dwarf;
				ENABLE_STRICT_OBJC_MSGSEND = YES;
				ENABLE_TESTABILITY = YES;
				GCC_C_LANGUAGE_STANDARD = gnu11;
				GCC_DYNAMIC_NO_PIC = NO;
				GCC_NO_COMMON_BLOCKS = YES;
				GCC_OPTIMIZATION_LEVEL = 0;
				GCC_PREPROCESSOR_DEFINITIONS = (
					"DEBUG=1",
					"$(inherited)",
				);
				GCC_WARN_64_TO_32_BIT_CONVERSION = YES;
				GCC_WARN_ABOUT_RETURN_TYPE = YES_ERROR;
				GCC_WARN_UNDECLARED_SELECTOR = YES;
				GCC_WARN_UNINITIALIZED_AUTOS = YES_AGGRESSIVE;
				GCC_WARN_UNUSED_FUNCTION = YES;
				GCC_WARN_UNUSED_VARIABLE = YES;
				IPHONEOS_DEPLOYMENT_TARGET = 14.3;
				MTL_ENABLE_DEBUG_INFO = INCLUDE_SOURCE;
				MTL_FAST_MATH = YES;
				ONLY_ACTIVE_ARCH = YES;
				SDKROOT = iphoneos;
				SWIFT_ACTIVE_COMPILATION_CONDITIONS = DEBUG;
				SWIFT_OPTIMIZATION_LEVEL = "-Onone";
				VERSIONING_SYSTEM = "apple-generic";
				VERSION_INFO_PREFIX = "";
			};
			name = Debug;
		};
		CB0069A5259DC290008DD9F8 /* Release */ = {
			isa = XCBuildConfiguration;
			buildSettings = {
				ALWAYS_SEARCH_USER_PATHS = NO;
				CLANG_ANALYZER_NONNULL = YES;
				CLANG_ANALYZER_NUMBER_OBJECT_CONVERSION = YES_AGGRESSIVE;
				CLANG_CXX_LANGUAGE_STANDARD = "gnu++14";
				CLANG_CXX_LIBRARY = "libc++";
				CLANG_ENABLE_MODULES = YES;
				CLANG_ENABLE_OBJC_ARC = YES;
				CLANG_ENABLE_OBJC_WEAK = YES;
				CLANG_WARN_BLOCK_CAPTURE_AUTORELEASING = YES;
				CLANG_WARN_BOOL_CONVERSION = YES;
				CLANG_WARN_COMMA = YES;
				CLANG_WARN_CONSTANT_CONVERSION = YES;
				CLANG_WARN_DEPRECATED_OBJC_IMPLEMENTATIONS = YES;
				CLANG_WARN_DIRECT_OBJC_ISA_USAGE = YES_ERROR;
				CLANG_WARN_DOCUMENTATION_COMMENTS = YES;
				CLANG_WARN_EMPTY_BODY = YES;
				CLANG_WARN_ENUM_CONVERSION = YES;
				CLANG_WARN_INFINITE_RECURSION = YES;
				CLANG_WARN_INT_CONVERSION = YES;
				CLANG_WARN_NON_LITERAL_NULL_CONVERSION = YES;
				CLANG_WARN_OBJC_IMPLICIT_RETAIN_SELF = YES;
				CLANG_WARN_OBJC_LITERAL_CONVERSION = YES;
				CLANG_WARN_OBJC_ROOT_CLASS = YES_ERROR;
				CLANG_WARN_QUOTED_INCLUDE_IN_FRAMEWORK_HEADER = YES;
				CLANG_WARN_RANGE_LOOP_ANALYSIS = YES;
				CLANG_WARN_STRICT_PROTOTYPES = YES;
				CLANG_WARN_SUSPICIOUS_MOVE = YES;
				CLANG_WARN_UNGUARDED_AVAILABILITY = YES_AGGRESSIVE;
				CLANG_WARN_UNREACHABLE_CODE = YES;
				CLANG_WARN__DUPLICATE_METHOD_MATCH = YES;
				COPY_PHASE_STRIP = NO;
				CURRENT_PROJECT_VERSION = 1;
				DEBUG_INFORMATION_FORMAT = "dwarf-with-dsym";
				ENABLE_NS_ASSERTIONS = NO;
				ENABLE_STRICT_OBJC_MSGSEND = YES;
				GCC_C_LANGUAGE_STANDARD = gnu11;
				GCC_NO_COMMON_BLOCKS = YES;
				GCC_WARN_64_TO_32_BIT_CONVERSION = YES;
				GCC_WARN_ABOUT_RETURN_TYPE = YES_ERROR;
				GCC_WARN_UNDECLARED_SELECTOR = YES;
				GCC_WARN_UNINITIALIZED_AUTOS = YES_AGGRESSIVE;
				GCC_WARN_UNUSED_FUNCTION = YES;
				GCC_WARN_UNUSED_VARIABLE = YES;
				IPHONEOS_DEPLOYMENT_TARGET = 14.3;
				MTL_ENABLE_DEBUG_INFO = NO;
				MTL_FAST_MATH = YES;
				SDKROOT = iphoneos;
				SWIFT_COMPILATION_MODE = wholemodule;
				SWIFT_OPTIMIZATION_LEVEL = "-O";
				VALIDATE_PRODUCT = YES;
				VERSIONING_SYSTEM = "apple-generic";
				VERSION_INFO_PREFIX = "";
			};
			name = Release;
		};
		CB0069A7259DC290008DD9F8 /* Debug */ = {
			isa = XCBuildConfiguration;
			buildSettings = {
				CLANG_ENABLE_MODULES = YES;
				CODE_SIGN_STYLE = Automatic;
				DEFINES_MODULE = YES;
				DEVELOPMENT_TEAM = 5667E7L429;
				DYLIB_COMPATIBILITY_VERSION = 1;
				DYLIB_CURRENT_VERSION = 1;
				DYLIB_INSTALL_NAME_BASE = "@rpath";
				INFOPLIST_FILE = LetsCatchTheLionCore/Info.plist;
				INSTALL_PATH = "$(LOCAL_LIBRARY_DIR)/Frameworks";
				LD_RUNPATH_SEARCH_PATHS = (
					"$(inherited)",
					"@executable_path/Frameworks",
					"@loader_path/Frameworks",
				);
				PRODUCT_BUNDLE_IDENTIFIER = pl.lgryl.LetsCatchTheLionCore;
				PRODUCT_NAME = "$(TARGET_NAME:c99extidentifier)";
				SKIP_INSTALL = YES;
				SWIFT_OPTIMIZATION_LEVEL = "-Onone";
				SWIFT_VERSION = 5.0;
				TARGETED_DEVICE_FAMILY = "1,2";
			};
			name = Debug;
		};
		CB0069A8259DC290008DD9F8 /* Release */ = {
			isa = XCBuildConfiguration;
			buildSettings = {
				CLANG_ENABLE_MODULES = YES;
				CODE_SIGN_STYLE = Automatic;
				DEFINES_MODULE = YES;
				DEVELOPMENT_TEAM = 5667E7L429;
				DYLIB_COMPATIBILITY_VERSION = 1;
				DYLIB_CURRENT_VERSION = 1;
				DYLIB_INSTALL_NAME_BASE = "@rpath";
				INFOPLIST_FILE = LetsCatchTheLionCore/Info.plist;
				INSTALL_PATH = "$(LOCAL_LIBRARY_DIR)/Frameworks";
				LD_RUNPATH_SEARCH_PATHS = (
					"$(inherited)",
					"@executable_path/Frameworks",
					"@loader_path/Frameworks",
				);
				PRODUCT_BUNDLE_IDENTIFIER = pl.lgryl.LetsCatchTheLionCore;
				PRODUCT_NAME = "$(TARGET_NAME:c99extidentifier)";
				SKIP_INSTALL = YES;
				SWIFT_VERSION = 5.0;
				TARGETED_DEVICE_FAMILY = "1,2";
			};
			name = Release;
		};
		CB0069AA259DC290008DD9F8 /* Debug */ = {
			isa = XCBuildConfiguration;
			buildSettings = {
				ALWAYS_EMBED_SWIFT_STANDARD_LIBRARIES = YES;
				CODE_SIGN_STYLE = Automatic;
				DEVELOPMENT_TEAM = 5667E7L429;
				INFOPLIST_FILE = LetsCatchTheLionCoreTests/Info.plist;
				LD_RUNPATH_SEARCH_PATHS = (
					"$(inherited)",
					"@executable_path/Frameworks",
					"@loader_path/Frameworks",
				);
				PRODUCT_BUNDLE_IDENTIFIER = pl.lgryl.LetsCatchTheLionCoreTests;
				PRODUCT_NAME = "$(TARGET_NAME)";
				SWIFT_VERSION = 5.0;
				TARGETED_DEVICE_FAMILY = "1,2";
			};
			name = Debug;
		};
		CB0069AB259DC290008DD9F8 /* Release */ = {
			isa = XCBuildConfiguration;
			buildSettings = {
				ALWAYS_EMBED_SWIFT_STANDARD_LIBRARIES = YES;
				CODE_SIGN_STYLE = Automatic;
				DEVELOPMENT_TEAM = 5667E7L429;
				INFOPLIST_FILE = LetsCatchTheLionCoreTests/Info.plist;
				LD_RUNPATH_SEARCH_PATHS = (
					"$(inherited)",
					"@executable_path/Frameworks",
					"@loader_path/Frameworks",
				);
				PRODUCT_BUNDLE_IDENTIFIER = pl.lgryl.LetsCatchTheLionCoreTests;
				PRODUCT_NAME = "$(TARGET_NAME)";
				SWIFT_VERSION = 5.0;
				TARGETED_DEVICE_FAMILY = "1,2";
			};
			name = Release;
		};
/* End XCBuildConfiguration section */

/* Begin XCConfigurationList section */
		CB00698C259DC28F008DD9F8 /* Build configuration list for PBXProject "LetsCatchTheLionCore" */ = {
			isa = XCConfigurationList;
			buildConfigurations = (
				CB0069A4259DC290008DD9F8 /* Debug */,
				CB0069A5259DC290008DD9F8 /* Release */,
			);
			defaultConfigurationIsVisible = 0;
			defaultConfigurationName = Release;
		};
		CB0069A6259DC290008DD9F8 /* Build configuration list for PBXNativeTarget "LetsCatchTheLionCore" */ = {
			isa = XCConfigurationList;
			buildConfigurations = (
				CB0069A7259DC290008DD9F8 /* Debug */,
				CB0069A8259DC290008DD9F8 /* Release */,
			);
			defaultConfigurationIsVisible = 0;
			defaultConfigurationName = Release;
		};
		CB0069A9259DC290008DD9F8 /* Build configuration list for PBXNativeTarget "LetsCatchTheLionCoreTests" */ = {
			isa = XCConfigurationList;
			buildConfigurations = (
				CB0069AA259DC290008DD9F8 /* Debug */,
				CB0069AB259DC290008DD9F8 /* Release */,
			);
			defaultConfigurationIsVisible = 0;
			defaultConfigurationName = Release;
		};
/* End XCConfigurationList section */
	};
	rootObject = CB006989259DC28F008DD9F8 /* Project object */;
}
