// !$*UTF8*$!
{
	archiveVersion = 1;
	classes = {
	};
	objectVersion = 50;
	objects = {

/* Begin PBXBuildFile section */
		CB00699C259DC290008DD9F8 /* LetsCatchTheLionCore.framework in Frameworks */ = {isa = PBXBuildFile; fileRef = CB006992259DC290008DD9F8 /* LetsCatchTheLionCore.framework */; };
		CB0069A1259DC290008DD9F8 /* LetsCatchTheLionCoreTests.swift in Sources */ = {isa = PBXBuildFile; fileRef = CB0069A0259DC290008DD9F8 /* LetsCatchTheLionCoreTests.swift */; };
		CB0069A3259DC290008DD9F8 /* LetsCatchTheLionCore.h in Headers */ = {isa = PBXBuildFile; fileRef = CB006995259DC290008DD9F8 /* LetsCatchTheLionCore.h */; settings = {ATTRIBUTES = (Public, ); }; };
/* End PBXBuildFile section */

/* Begin PBXContainerItemProxy section */
		CB00699D259DC290008DD9F8 /* PBXContainerItemProxy */ = {
			isa = PBXContainerItemProxy;
			containerPortal = CB006989259DC28F008DD9F8 /* Project object */;
			proxyType = 1;
			remoteGlobalIDString = CB006991259DC290008DD9F8;
			remoteInfo = LetsCatchTheLionCore;
		};
/* End PBXContainerItemProxy section */

/* Begin PBXFileReference section */
		CB006992259DC290008DD9F8 /* LetsCatchTheLionCore.framework */ = {isa = PBXFileReference; explicitFileType = wrapper.framework; includeInIndex = 0; path = LetsCatchTheLionCore.framework; sourceTree = BUILT_PRODUCTS_DIR; };
		CB006995259DC290008DD9F8 /* LetsCatchTheLionCore.h */ = {isa = PBXFileReference; lastKnownFileType = sourcecode.c.h; path = LetsCatchTheLionCore.h; sourceTree = "<group>"; };
		CB006996259DC290008DD9F8 /* Info.plist */ = {isa = PBXFileReference; lastKnownFileType = text.plist.xml; path = Info.plist; sourceTree = "<group>"; };
		CB00699B259DC290008DD9F8 /* LetsCatchTheLionCoreTests.xctest */ = {isa = PBXFileReference; explicitFileType = wrapper.cfbundle; includeInIndex = 0; path = LetsCatchTheLionCoreTests.xctest; sourceTree = BUILT_PRODUCTS_DIR; };
		CB0069A0259DC290008DD9F8 /* LetsCatchTheLionCoreTests.swift */ = {isa = PBXFileReference; lastKnownFileType = sourcecode.swift; path = LetsCatchTheLionCoreTests.swift; sourceTree = "<group>"; };
		CB0069A2259DC290008DD9F8 /* Info.plist */ = {isa = PBXFileReference; lastKnownFileType = text.plist.xml; path = Info.plist; sourceTree = "<group>"; };
/* End PBXFileReference section */

/* Begin PBXFrameworksBuildPhase section */
		CB00698F259DC290008DD9F8 /* Frameworks */ = {
			isa = PBXFrameworksBuildPhase;
			buildActionMask = 2147483647;
			files = (
			);
			runOnlyForDeploymentPostprocessing = 0;
		};
		CB006998259DC290008DD9F8 /* Frameworks */ = {
			isa = PBXFrameworksBuildPhase;
			buildActionMask = 2147483647;
			files = (
				CB00699C259DC290008DD9F8 /* LetsCatchTheLionCore.framework in Frameworks */,
			);
			runOnlyForDeploymentPostprocessing = 0;
		};
/* End PBXFrameworksBuildPhase section */

/* Begin PBXGroup section */
		CB006988259DC28F008DD9F8 = {
			isa = PBXGroup;
			children = (
				CB006994259DC290008DD9F8 /* LetsCatchTheLionCore */,
				CB00699F259DC290008DD9F8 /* LetsCatchTheLionCoreTests */,
				CB006993259DC290008DD9F8 /* Products */,
			);
			sourceTree = "<group>";
		};
		CB006993259DC290008DD9F8 /* Products */ = {
			isa = PBXGroup;
			children = (
				CB006992259DC290008DD9F8 /* LetsCatchTheLionCore.framework */,
				CB00699B259DC290008DD9F8 /* LetsCatchTheLionCoreTests.xctest */,
			);
			name = Products;
			sourceTree = "<group>";
		};
		CB006994259DC290008DD9F8 /* LetsCatchTheLionCore */ = {
			isa = PBXGroup;
			children = (
				CB006995259DC290008DD9F8 /* LetsCatchTheLionCore.h */,
				CB006996259DC290008DD9F8 /* Info.plist */,
			);
			path = LetsCatchTheLionCore;
			sourceTree = "<group>";
		};
		CB00699F259DC290008DD9F8 /* LetsCatchTheLionCoreTests */ = {
			isa = PBXGroup;
			children = (
				CB0069A0259DC290008DD9F8 /* LetsCatchTheLionCoreTests.swift */,
				CB0069A2259DC290008DD9F8 /* Info.plist */,
			);
			path = LetsCatchTheLionCoreTests;
			sourceTree = "<group>";
		};
/* End PBXGroup section */

/* Begin PBXHeadersBuildPhase section */
		CB00698D259DC290008DD9F8 /* Headers */ = {
			isa = PBXHeadersBuildPhase;
			buildActionMask = 2147483647;
			files = (
				CB0069A3259DC290008DD9F8 /* LetsCatchTheLionCore.h in Headers */,
			);
			runOnlyForDeploymentPostprocessing = 0;
		};
/* End PBXHeadersBuildPhase section */

/* Begin PBXNativeTarget section */
		CB006991259DC290008DD9F8 /* LetsCatchTheLionCore */ = {
			isa = PBXNativeTarget;
			buildConfigurationList = CB0069A6259DC290008DD9F8 /* Build configuration list for PBXNativeTarget "LetsCatchTheLionCore" */;
			buildPhases = (
				CB00698D259DC290008DD9F8 /* Headers */,
				CB00698E259DC290008DD9F8 /* Sources */,
				CB00698F259DC290008DD9F8 /* Frameworks */,
				CB006990259DC290008DD9F8 /* Resources */,
			);
			buildRules = (
			);
			dependencies = (
			);
			name = LetsCatchTheLionCore;
			productName = LetsCatchTheLionCore;
			productReference = CB006992259DC290008DD9F8 /* LetsCatchTheLionCore.framework */;
			productType = "com.apple.product-type.framework";
		};
		CB00699A259DC290008DD9F8 /* LetsCatchTheLionCoreTests */ = {
			isa = PBXNativeTarget;
			buildConfigurationList = CB0069A9259DC290008DD9F8 /* Build configuration list for PBXNativeTarget "LetsCatchTheLionCoreTests" */;
			buildPhases = (
				CB006997259DC290008DD9F8 /* Sources */,
				CB006998259DC290008DD9F8 /* Frameworks */,
				CB006999259DC290008DD9F8 /* Resources */,
			);
			buildRules = (
			);
			dependencies = (
				CB00699E259DC290008DD9F8 /* PBXTargetDependency */,
			);
			name = LetsCatchTheLionCoreTests;
			productName = LetsCatchTheLionCoreTests;
			productReference = CB00699B259DC290008DD9F8 /* LetsCatchTheLionCoreTests.xctest */;
			productType = "com.apple.product-type.bundle.unit-test";
		};
/* End PBXNativeTarget section */

/* Begin PBXProject section */
		CB006989259DC28F008DD9F8 /* Project object */ = {
			isa = PBXProject;
			attributes = {
				LastSwiftUpdateCheck = 1230;
				LastUpgradeCheck = 1230;
				TargetAttributes = {
					CB006991259DC290008DD9F8 = {
						CreatedOnToolsVersion = 12.3;
					};
					CB00699A259DC290008DD9F8 = {
						CreatedOnToolsVersion = 12.3;
					};
				};
			};
			buildConfigurationList = CB00698C259DC28F008DD9F8 /* Build configuration list for PBXProject "LetsCatchTheLionCore" */;
			compatibilityVersion = "Xcode 9.3";
			developmentRegion = en;
			hasScannedForEncodings = 0;
			knownRegions = (
				en,
				Base,
			);
			mainGroup = CB006988259DC28F008DD9F8;
			productRefGroup = CB006993259DC290008DD9F8 /* Products */;
			projectDirPath = "";
			projectRoot = "";
			targets = (
				CB006991259DC290008DD9F8 /* LetsCatchTheLionCore */,
				CB00699A259DC290008DD9F8 /* LetsCatchTheLionCoreTests */,
			);
		};
/* End PBXProject section */

/* Begin PBXResourcesBuildPhase section */
		CB006990259DC290008DD9F8 /* Resources */ = {
			isa = PBXResourcesBuildPhase;
			buildActionMask = 2147483647;
			files = (
			);
			runOnlyForDeploymentPostprocessing = 0;
		};
		CB006999259DC290008DD9F8 /* Resources */ = {
			isa = PBXResourcesBuildPhase;
			buildActionMask = 2147483647;
			files = (
			);
			runOnlyForDeploymentPostprocessing = 0;
		};
/* End PBXResourcesBuildPhase section */

/* Begin PBXSourcesBuildPhase section */
		CB00698E259DC290008DD9F8 /* Sources */ = {
			isa = PBXSourcesBuildPhase;
			buildActionMask = 2147483647;
			files = (
			);
			runOnlyForDeploymentPostprocessing = 0;
		};
		CB006997259DC290008DD9F8 /* Sources */ = {
			isa = PBXSourcesBuildPhase;
			buildActionMask = 2147483647;
			files = (
				CB0069A1259DC290008DD9F8 /* LetsCatchTheLionCoreTests.swift in Sources */,
			);
			runOnlyForDeploymentPostprocessing = 0;
		};
/* End PBXSourcesBuildPhase section */

/* Begin PBXTargetDependency section */
		CB00699E259DC290008DD9F8 /* PBXTargetDependency */ = {
			isa = PBXTargetDependency;
			target = CB006991259DC290008DD9F8 /* LetsCatchTheLionCore */;
			targetProxy = CB00699D259DC290008DD9F8 /* PBXContainerItemProxy */;
		};
/* End PBXTargetDependency section */

/* Begin XCBuildConfiguration section */
		CB0069A4259DC290008DD9F8 /* Debug */ = {
			isa = XCBuildConfiguration;
			buildSettings = {
				ALWAYS_SEARCH_USER_PATHS = NO;
				CLANG_ANALYZER_NONNULL = YES;
				CLANG_ANALYZER_NUMBER_OBJECT_CONVERSION = YES_AGGRESSIVE;
				CLANG_CXX_LANGUAGE_STANDARD = "gnu++14";
				CLANG_CXX_LIBRARY = "libc++";
				CLANG_ENABLE_MODULES = YES;
				CLANG_ENABLE_OBJC_ARC = YES;
				CLANG_ENABLE_OBJC_WEAK = YES;
				CLANG_WARN_BLOCK_CAPTURE_AUTORELEASING = YES;
				CLANG_WARN_BOOL_CONVERSION = YES;
				CLANG_WARN_COMMA = YES;
				CLANG_WARN_CONSTANT_CONVERSION = YES;
				CLANG_WARN_DEPRECATED_OBJC_IMPLEMENTATIONS = YES;
				CLANG_WARN_DIRECT_OBJC_ISA_USAGE = YES_ERROR;
				CLANG_WARN_DOCUMENTATION_COMMENTS = YES;
				CLANG_WARN_EMPTY_BODY = YES;
				CLANG_WARN_ENUM_CONVERSION = YES;
				CLANG_WARN_INFINITE_RECURSION = YES;
				CLANG_WARN_INT_CONVERSION = YES;
				CLANG_WARN_NON_LITERAL_NULL_CONVERSION = YES;
				CLANG_WARN_OBJC_IMPLICIT_RETAIN_SELF = YES;
				CLANG_WARN_OBJC_LITERAL_CONVERSION = YES;
				CLANG_WARN_OBJC_ROOT_CLASS = YES_ERROR;
				CLANG_WARN_QUOTED_INCLUDE_IN_FRAMEWORK_HEADER = YES;
				CLANG_WARN_RANGE_LOOP_ANALYSIS = YES;
				CLANG_WARN_STRICT_PROTOTYPES = YES;
				CLANG_WARN_SUSPICIOUS_MOVE = YES;
				CLANG_WARN_UNGUARDED_AVAILABILITY = YES_AGGRESSIVE;
				CLANG_WARN_UNREACHABLE_CODE = YES;
				CLANG_WARN__DUPLICATE_METHOD_MATCH = YES;
				COPY_PHASE_STRIP = NO;
				CURRENT_PROJECT_VERSION = 1;
				DEBUG_INFORMATION_FORMAT = dwarf;
				ENABLE_STRICT_OBJC_MSGSEND = YES;
				ENABLE_TESTABILITY = YES;
				GCC_C_LANGUAGE_STANDARD = gnu11;
				GCC_DYNAMIC_NO_PIC = NO;
				GCC_NO_COMMON_BLOCKS = YES;
				GCC_OPTIMIZATION_LEVEL = 0;
				GCC_PREPROCESSOR_DEFINITIONS = (
					"DEBUG=1",
					"$(inherited)",
				);
				GCC_WARN_64_TO_32_BIT_CONVERSION = YES;
				GCC_WARN_ABOUT_RETURN_TYPE = YES_ERROR;
				GCC_WARN_UNDECLARED_SELECTOR = YES;
				GCC_WARN_UNINITIALIZED_AUTOS = YES_AGGRESSIVE;
				GCC_WARN_UNUSED_FUNCTION = YES;
				GCC_WARN_UNUSED_VARIABLE = YES;
				IPHONEOS_DEPLOYMENT_TARGET = 14.3;
				MTL_ENABLE_DEBUG_INFO = INCLUDE_SOURCE;
				MTL_FAST_MATH = YES;
				ONLY_ACTIVE_ARCH = YES;
				SDKROOT = iphoneos;
				SWIFT_ACTIVE_COMPILATION_CONDITIONS = DEBUG;
				SWIFT_OPTIMIZATION_LEVEL = "-Onone";
				VERSIONING_SYSTEM = "apple-generic";
				VERSION_INFO_PREFIX = "";
			};
			name = Debug;
		};
		CB0069A5259DC290008DD9F8 /* Release */ = {
			isa = XCBuildConfiguration;
			buildSettings = {
				ALWAYS_SEARCH_USER_PATHS = NO;
				CLANG_ANALYZER_NONNULL = YES;
				CLANG_ANALYZER_NUMBER_OBJECT_CONVERSION = YES_AGGRESSIVE;
				CLANG_CXX_LANGUAGE_STANDARD = "gnu++14";
				CLANG_CXX_LIBRARY = "libc++";
				CLANG_ENABLE_MODULES = YES;
				CLANG_ENABLE_OBJC_ARC = YES;
				CLANG_ENABLE_OBJC_WEAK = YES;
				CLANG_WARN_BLOCK_CAPTURE_AUTORELEASING = YES;
				CLANG_WARN_BOOL_CONVERSION = YES;
				CLANG_WARN_COMMA = YES;
				CLANG_WARN_CONSTANT_CONVERSION = YES;
				CLANG_WARN_DEPRECATED_OBJC_IMPLEMENTATIONS = YES;
				CLANG_WARN_DIRECT_OBJC_ISA_USAGE = YES_ERROR;
				CLANG_WARN_DOCUMENTATION_COMMENTS = YES;
				CLANG_WARN_EMPTY_BODY = YES;
				CLANG_WARN_ENUM_CONVERSION = YES;
				CLANG_WARN_INFINITE_RECURSION = YES;
				CLANG_WARN_INT_CONVERSION = YES;
				CLANG_WARN_NON_LITERAL_NULL_CONVERSION = YES;
				CLANG_WARN_OBJC_IMPLICIT_RETAIN_SELF = YES;
				CLANG_WARN_OBJC_LITERAL_CONVERSION = YES;
				CLANG_WARN_OBJC_ROOT_CLASS = YES_ERROR;
				CLANG_WARN_QUOTED_INCLUDE_IN_FRAMEWORK_HEADER = YES;
				CLANG_WARN_RANGE_LOOP_ANALYSIS = YES;
				CLANG_WARN_STRICT_PROTOTYPES = YES;
				CLANG_WARN_SUSPICIOUS_MOVE = YES;
				CLANG_WARN_UNGUARDED_AVAILABILITY = YES_AGGRESSIVE;
				CLANG_WARN_UNREACHABLE_CODE = YES;
				CLANG_WARN__DUPLICATE_METHOD_MATCH = YES;
				COPY_PHASE_STRIP = NO;
				CURRENT_PROJECT_VERSION = 1;
				DEBUG_INFORMATION_FORMAT = "dwarf-with-dsym";
				ENABLE_NS_ASSERTIONS = NO;
				ENABLE_STRICT_OBJC_MSGSEND = YES;
				GCC_C_LANGUAGE_STANDARD = gnu11;
				GCC_NO_COMMON_BLOCKS = YES;
				GCC_WARN_64_TO_32_BIT_CONVERSION = YES;
				GCC_WARN_ABOUT_RETURN_TYPE = YES_ERROR;
				GCC_WARN_UNDECLARED_SELECTOR = YES;
				GCC_WARN_UNINITIALIZED_AUTOS = YES_AGGRESSIVE;
				GCC_WARN_UNUSED_FUNCTION = YES;
				GCC_WARN_UNUSED_VARIABLE = YES;
				IPHONEOS_DEPLOYMENT_TARGET = 14.3;
				MTL_ENABLE_DEBUG_INFO = NO;
				MTL_FAST_MATH = YES;
				SDKROOT = iphoneos;
				SWIFT_COMPILATION_MODE = wholemodule;
				SWIFT_OPTIMIZATION_LEVEL = "-O";
				VALIDATE_PRODUCT = YES;
				VERSIONING_SYSTEM = "apple-generic";
				VERSION_INFO_PREFIX = "";
			};
			name = Release;
		};
		CB0069A7259DC290008DD9F8 /* Debug */ = {
			isa = XCBuildConfiguration;
			buildSettings = {
				CODE_SIGN_STYLE = Automatic;
				DEFINES_MODULE = YES;
				DEVELOPMENT_TEAM = 5667E7L429;
				DYLIB_COMPATIBILITY_VERSION = 1;
				DYLIB_CURRENT_VERSION = 1;
				DYLIB_INSTALL_NAME_BASE = "@rpath";
				INFOPLIST_FILE = LetsCatchTheLionCore/Info.plist;
				INSTALL_PATH = "$(LOCAL_LIBRARY_DIR)/Frameworks";
				LD_RUNPATH_SEARCH_PATHS = (
					"$(inherited)",
					"@executable_path/Frameworks",
					"@loader_path/Frameworks",
				);
				PRODUCT_BUNDLE_IDENTIFIER = pl.lgryl.LetsCatchTheLionCore;
				PRODUCT_NAME = "$(TARGET_NAME:c99extidentifier)";
				SKIP_INSTALL = YES;
				SWIFT_VERSION = 5.0;
				TARGETED_DEVICE_FAMILY = "1,2";
			};
			name = Debug;
		};
		CB0069A8259DC290008DD9F8 /* Release */ = {
			isa = XCBuildConfiguration;
			buildSettings = {
				CODE_SIGN_STYLE = Automatic;
				DEFINES_MODULE = YES;
				DEVELOPMENT_TEAM = 5667E7L429;
				DYLIB_COMPATIBILITY_VERSION = 1;
				DYLIB_CURRENT_VERSION = 1;
				DYLIB_INSTALL_NAME_BASE = "@rpath";
				INFOPLIST_FILE = LetsCatchTheLionCore/Info.plist;
				INSTALL_PATH = "$(LOCAL_LIBRARY_DIR)/Frameworks";
				LD_RUNPATH_SEARCH_PATHS = (
					"$(inherited)",
					"@executable_path/Frameworks",
					"@loader_path/Frameworks",
				);
				PRODUCT_BUNDLE_IDENTIFIER = pl.lgryl.LetsCatchTheLionCore;
				PRODUCT_NAME = "$(TARGET_NAME:c99extidentifier)";
				SKIP_INSTALL = YES;
				SWIFT_VERSION = 5.0;
				TARGETED_DEVICE_FAMILY = "1,2";
			};
			name = Release;
		};
		CB0069AA259DC290008DD9F8 /* Debug */ = {
			isa = XCBuildConfiguration;
			buildSettings = {
				CODE_SIGN_STYLE = Automatic;
				DEVELOPMENT_TEAM = 5667E7L429;
				INFOPLIST_FILE = LetsCatchTheLionCoreTests/Info.plist;
				LD_RUNPATH_SEARCH_PATHS = (
					"$(inherited)",
					"@executable_path/Frameworks",
					"@loader_path/Frameworks",
				);
				PRODUCT_BUNDLE_IDENTIFIER = pl.lgryl.LetsCatchTheLionCoreTests;
				PRODUCT_NAME = "$(TARGET_NAME)";
				SWIFT_VERSION = 5.0;
				TARGETED_DEVICE_FAMILY = "1,2";
			};
			name = Debug;
		};
		CB0069AB259DC290008DD9F8 /* Release */ = {
			isa = XCBuildConfiguration;
			buildSettings = {
				CODE_SIGN_STYLE = Automatic;
				DEVELOPMENT_TEAM = 5667E7L429;
				INFOPLIST_FILE = LetsCatchTheLionCoreTests/Info.plist;
				LD_RUNPATH_SEARCH_PATHS = (
					"$(inherited)",
					"@executable_path/Frameworks",
					"@loader_path/Frameworks",
				);
				PRODUCT_BUNDLE_IDENTIFIER = pl.lgryl.LetsCatchTheLionCoreTests;
				PRODUCT_NAME = "$(TARGET_NAME)";
				SWIFT_VERSION = 5.0;
				TARGETED_DEVICE_FAMILY = "1,2";
			};
			name = Release;
		};
/* End XCBuildConfiguration section */

/* Begin XCConfigurationList section */
		CB00698C259DC28F008DD9F8 /* Build configuration list for PBXProject "LetsCatchTheLionCore" */ = {
			isa = XCConfigurationList;
			buildConfigurations = (
				CB0069A4259DC290008DD9F8 /* Debug */,
				CB0069A5259DC290008DD9F8 /* Release */,
			);
			defaultConfigurationIsVisible = 0;
			defaultConfigurationName = Release;
		};
		CB0069A6259DC290008DD9F8 /* Build configuration list for PBXNativeTarget "LetsCatchTheLionCore" */ = {
			isa = XCConfigurationList;
			buildConfigurations = (
				CB0069A7259DC290008DD9F8 /* Debug */,
				CB0069A8259DC290008DD9F8 /* Release */,
			);
			defaultConfigurationIsVisible = 0;
			defaultConfigurationName = Release;
		};
		CB0069A9259DC290008DD9F8 /* Build configuration list for PBXNativeTarget "LetsCatchTheLionCoreTests" */ = {
			isa = XCConfigurationList;
			buildConfigurations = (
				CB0069AA259DC290008DD9F8 /* Debug */,
				CB0069AB259DC290008DD9F8 /* Release */,
			);
			defaultConfigurationIsVisible = 0;
			defaultConfigurationName = Release;
		};
/* End XCConfigurationList section */
	};
	rootObject = CB006989259DC28F008DD9F8 /* Project object */;
}
